
Microsoft Visual Studio Solution File, Format Version 12.00
# Visual Studio 15
VisualStudioVersion = 15.0.28307.421
MinimumVisualStudioVersion = 10.0.40219.1
Project("{FAE04EC0-301F-11D3-BF4B-00C04F79EFBC}") = "PaperPlane", "PaperPlane\PaperPlane.csproj", "{F6224762-4C29-4584-A27E-4A5D22206D28}"
EndProject
Global
	GlobalSection(SolutionConfigurationPlatforms) = preSolution
		Debug|Any CPU = Debug|Any CPU
		Release|Any CPU = Release|Any CPU
	EndGlobalSection
	GlobalSection(ProjectConfigurationPlatforms) = postSolution
		{F6224762-4C29-4584-A27E-4A5D22206D28}.Debug|Any CPU.ActiveCfg = Debug|Any CPU
		{F6224762-4C29-4584-A27E-4A5D22206D28}.Debug|Any CPU.Build.0 = Debug|Any CPU
		{F6224762-4C29-4584-A27E-4A5D22206D28}.Release|Any CPU.ActiveCfg = Release|Any CPU
		{F6224762-4C29-4584-A27E-4A5D22206D28}.Release|Any CPU.Build.0 = Release|Any CPU
	EndGlobalSection
	GlobalSection(SolutionProperties) = preSolution
		HideSolutionNode = FALSE
	EndGlobalSection
	GlobalSection(ExtensibilityGlobals) = postSolution
		SolutionGuid = {5DCCE365-B0C1-4D89-9877-1569B54070F8}
	EndGlobalSection
EndGlobal
